// !$*UTF8*$!
{
	archiveVersion = 1;
	classes = {
	};
	objectVersion = 50;
	objects = {

/* Begin PBXBuildFile section */
		278B3F8D23B5B20C0014ED6A /* AppDelegate.swift in Sources */ = {isa = PBXBuildFile; fileRef = 278B3F8C23B5B20C0014ED6A /* AppDelegate.swift */; };
		278B3F8F23B5B20C0014ED6A /* SceneDelegate.swift in Sources */ = {isa = PBXBuildFile; fileRef = 278B3F8E23B5B20C0014ED6A /* SceneDelegate.swift */; };
		278B3F9123B5B20C0014ED6A /* ViewController.swift in Sources */ = {isa = PBXBuildFile; fileRef = 278B3F9023B5B20C0014ED6A /* ViewController.swift */; };
		278B3F9423B5B20C0014ED6A /* Main.storyboard in Resources */ = {isa = PBXBuildFile; fileRef = 278B3F9223B5B20C0014ED6A /* Main.storyboard */; };
		278B3F9623B5B20E0014ED6A /* Assets.xcassets in Resources */ = {isa = PBXBuildFile; fileRef = 278B3F9523B5B20E0014ED6A /* Assets.xcassets */; };
		278B3F9923B5B20E0014ED6A /* LaunchScreen.storyboard in Resources */ = {isa = PBXBuildFile; fileRef = 278B3F9723B5B20E0014ED6A /* LaunchScreen.storyboard */; };
		27B1208A23B5B74800D0B32E /* CollectionPageboy.framework in Frameworks */ = {isa = PBXBuildFile; fileRef = 27B1208823B5B73600D0B32E /* CollectionPageboy.framework */; };
		27B1208B23B5B74800D0B32E /* CollectionPageboy.framework in Embed Frameworks */ = {isa = PBXBuildFile; fileRef = 27B1208823B5B73600D0B32E /* CollectionPageboy.framework */; settings = {ATTRIBUTES = (CodeSignOnCopy, RemoveHeadersOnCopy, ); }; };
		27B1208E23B5B83700D0B32E /* MyCustomCell.swift in Sources */ = {isa = PBXBuildFile; fileRef = 27B1208C23B5B83700D0B32E /* MyCustomCell.swift */; };
		27B1208F23B5B83700D0B32E /* MyCustomCell.xib in Resources */ = {isa = PBXBuildFile; fileRef = 27B1208D23B5B83700D0B32E /* MyCustomCell.xib */; };
		27B1209123B5C12F00D0B32E /* EmojiCell.swift in Sources */ = {isa = PBXBuildFile; fileRef = 27B1209023B5C12F00D0B32E /* EmojiCell.swift */; };
		27B1209323B5C13C00D0B32E /* EmojiCell.xib in Resources */ = {isa = PBXBuildFile; fileRef = 27B1209223B5C13C00D0B32E /* EmojiCell.xib */; };
/* End PBXBuildFile section */

/* Begin PBXCopyFilesBuildPhase section */
		27B1208523B5B62800D0B32E /* Embed Frameworks */ = {
			isa = PBXCopyFilesBuildPhase;
			buildActionMask = 2147483647;
			dstPath = "";
			dstSubfolderSpec = 10;
			files = (
				27B1208B23B5B74800D0B32E /* CollectionPageboy.framework in Embed Frameworks */,
			);
			name = "Embed Frameworks";
			runOnlyForDeploymentPostprocessing = 0;
		};
/* End PBXCopyFilesBuildPhase section */

/* Begin PBXFileReference section */
		278B3F8923B5B20C0014ED6A /* CollectionPageboyDemo.app */ = {isa = PBXFileReference; explicitFileType = wrapper.application; includeInIndex = 0; path = CollectionPageboyDemo.app; sourceTree = BUILT_PRODUCTS_DIR; };
		278B3F8C23B5B20C0014ED6A /* AppDelegate.swift */ = {isa = PBXFileReference; lastKnownFileType = sourcecode.swift; path = AppDelegate.swift; sourceTree = "<group>"; };
		278B3F8E23B5B20C0014ED6A /* SceneDelegate.swift */ = {isa = PBXFileReference; lastKnownFileType = sourcecode.swift; path = SceneDelegate.swift; sourceTree = "<group>"; };
		278B3F9023B5B20C0014ED6A /* ViewController.swift */ = {isa = PBXFileReference; lastKnownFileType = sourcecode.swift; path = ViewController.swift; sourceTree = "<group>"; };
		278B3F9323B5B20C0014ED6A /* Base */ = {isa = PBXFileReference; lastKnownFileType = file.storyboard; name = Base; path = Base.lproj/Main.storyboard; sourceTree = "<group>"; };
		278B3F9523B5B20E0014ED6A /* Assets.xcassets */ = {isa = PBXFileReference; lastKnownFileType = folder.assetcatalog; path = Assets.xcassets; sourceTree = "<group>"; };
		278B3F9823B5B20E0014ED6A /* Base */ = {isa = PBXFileReference; lastKnownFileType = file.storyboard; name = Base; path = Base.lproj/LaunchScreen.storyboard; sourceTree = "<group>"; };
		278B3F9A23B5B20E0014ED6A /* Info.plist */ = {isa = PBXFileReference; lastKnownFileType = text.plist.xml; path = Info.plist; sourceTree = "<group>"; };
		27B1208823B5B73600D0B32E /* CollectionPageboy.framework */ = {isa = PBXFileReference; lastKnownFileType = wrapper.framework; path = CollectionPageboy.framework; sourceTree = "<group>"; };
		27B1208C23B5B83700D0B32E /* MyCustomCell.swift */ = {isa = PBXFileReference; fileEncoding = 4; lastKnownFileType = sourcecode.swift; path = MyCustomCell.swift; sourceTree = "<group>"; };
		27B1208D23B5B83700D0B32E /* MyCustomCell.xib */ = {isa = PBXFileReference; fileEncoding = 4; lastKnownFileType = file.xib; path = MyCustomCell.xib; sourceTree = "<group>"; };
		27B1209023B5C12F00D0B32E /* EmojiCell.swift */ = {isa = PBXFileReference; lastKnownFileType = sourcecode.swift; path = EmojiCell.swift; sourceTree = "<group>"; };
		27B1209223B5C13C00D0B32E /* EmojiCell.xib */ = {isa = PBXFileReference; lastKnownFileType = file.xib; path = EmojiCell.xib; sourceTree = "<group>"; };
/* End PBXFileReference section */

/* Begin PBXFrameworksBuildPhase section */
		278B3F8623B5B20C0014ED6A /* Frameworks */ = {
			isa = PBXFrameworksBuildPhase;
			buildActionMask = 2147483647;
			files = (
				27B1208A23B5B74800D0B32E /* CollectionPageboy.framework in Frameworks */,
			);
			runOnlyForDeploymentPostprocessing = 0;
		};
/* End PBXFrameworksBuildPhase section */

/* Begin PBXGroup section */
		278B3F8023B5B20C0014ED6A = {
			isa = PBXGroup;
			children = (
				278B3F8B23B5B20C0014ED6A /* CollectionPageboyDemo */,
				278B3F8A23B5B20C0014ED6A /* Products */,
				278B3FA023B5B22B0014ED6A /* Frameworks */,
			);
			sourceTree = "<group>";
		};
		278B3F8A23B5B20C0014ED6A /* Products */ = {
			isa = PBXGroup;
			children = (
				278B3F8923B5B20C0014ED6A /* CollectionPageboyDemo.app */,
			);
			name = Products;
			sourceTree = "<group>";
		};
		278B3F8B23B5B20C0014ED6A /* CollectionPageboyDemo */ = {
			isa = PBXGroup;
			children = (
				278B3F8C23B5B20C0014ED6A /* AppDelegate.swift */,
				278B3F8E23B5B20C0014ED6A /* SceneDelegate.swift */,
				278B3F9023B5B20C0014ED6A /* ViewController.swift */,
				27B1208C23B5B83700D0B32E /* MyCustomCell.swift */,
				27B1208D23B5B83700D0B32E /* MyCustomCell.xib */,
				27B1209023B5C12F00D0B32E /* EmojiCell.swift */,
				27B1209223B5C13C00D0B32E /* EmojiCell.xib */,
				278B3F9223B5B20C0014ED6A /* Main.storyboard */,
				278B3F9523B5B20E0014ED6A /* Assets.xcassets */,
				278B3F9723B5B20E0014ED6A /* LaunchScreen.storyboard */,
				278B3F9A23B5B20E0014ED6A /* Info.plist */,
			);
			path = CollectionPageboyDemo;
			sourceTree = "<group>";
		};
		278B3FA023B5B22B0014ED6A /* Frameworks */ = {
			isa = PBXGroup;
			children = (
				27B1208823B5B73600D0B32E /* CollectionPageboy.framework */,
			);
			name = Frameworks;
			sourceTree = "<group>";
		};
/* End PBXGroup section */

/* Begin PBXNativeTarget section */
		278B3F8823B5B20C0014ED6A /* CollectionPageboyDemo */ = {
			isa = PBXNativeTarget;
			buildConfigurationList = 278B3F9D23B5B20E0014ED6A /* Build configuration list for PBXNativeTarget "CollectionPageboyDemo" */;
			buildPhases = (
				278B3F8523B5B20C0014ED6A /* Sources */,
				278B3F8623B5B20C0014ED6A /* Frameworks */,
				278B3F8723B5B20C0014ED6A /* Resources */,
				27B1208523B5B62800D0B32E /* Embed Frameworks */,
			);
			buildRules = (
			);
			dependencies = (
			);
			name = CollectionPageboyDemo;
			productName = CollectionPageboyDemo;
			productReference = 278B3F8923B5B20C0014ED6A /* CollectionPageboyDemo.app */;
			productType = "com.apple.product-type.application";
		};
/* End PBXNativeTarget section */

/* Begin PBXProject section */
		278B3F8123B5B20C0014ED6A /* Project object */ = {
			isa = PBXProject;
			attributes = {
				LastSwiftUpdateCheck = 1130;
				LastUpgradeCheck = 1130;
				ORGANIZATIONNAME = Janlionly;
				TargetAttributes = {
					278B3F8823B5B20C0014ED6A = {
						CreatedOnToolsVersion = 11.3;
					};
				};
			};
			buildConfigurationList = 278B3F8423B5B20C0014ED6A /* Build configuration list for PBXProject "CollectionPageboyDemo" */;
			compatibilityVersion = "Xcode 9.3";
			developmentRegion = en;
			hasScannedForEncodings = 0;
			knownRegions = (
				en,
				Base,
			);
			mainGroup = 278B3F8023B5B20C0014ED6A;
			productRefGroup = 278B3F8A23B5B20C0014ED6A /* Products */;
			projectDirPath = "";
			projectRoot = "";
			targets = (
				278B3F8823B5B20C0014ED6A /* CollectionPageboyDemo */,
			);
		};
/* End PBXProject section */

/* Begin PBXResourcesBuildPhase section */
		278B3F8723B5B20C0014ED6A /* Resources */ = {
			isa = PBXResourcesBuildPhase;
			buildActionMask = 2147483647;
			files = (
				27B1209323B5C13C00D0B32E /* EmojiCell.xib in Resources */,
				278B3F9923B5B20E0014ED6A /* LaunchScreen.storyboard in Resources */,
				27B1208F23B5B83700D0B32E /* MyCustomCell.xib in Resources */,
				278B3F9623B5B20E0014ED6A /* Assets.xcassets in Resources */,
				278B3F9423B5B20C0014ED6A /* Main.storyboard in Resources */,
			);
			runOnlyForDeploymentPostprocessing = 0;
		};
/* End PBXResourcesBuildPhase section */

/* Begin PBXSourcesBuildPhase section */
		278B3F8523B5B20C0014ED6A /* Sources */ = {
			isa = PBXSourcesBuildPhase;
			buildActionMask = 2147483647;
			files = (
				278B3F9123B5B20C0014ED6A /* ViewController.swift in Sources */,
				27B1208E23B5B83700D0B32E /* MyCustomCell.swift in Sources */,
				27B1209123B5C12F00D0B32E /* EmojiCell.swift in Sources */,
				278B3F8D23B5B20C0014ED6A /* AppDelegate.swift in Sources */,
				278B3F8F23B5B20C0014ED6A /* SceneDelegate.swift in Sources */,
			);
			runOnlyForDeploymentPostprocessing = 0;
		};
/* End PBXSourcesBuildPhase section */

/* Begin PBXVariantGroup section */
		278B3F9223B5B20C0014ED6A /* Main.storyboard */ = {
			isa = PBXVariantGroup;
			children = (
				278B3F9323B5B20C0014ED6A /* Base */,
			);
			name = Main.storyboard;
			sourceTree = "<group>";
		};
		278B3F9723B5B20E0014ED6A /* LaunchScreen.storyboard */ = {
			isa = PBXVariantGroup;
			children = (
				278B3F9823B5B20E0014ED6A /* Base */,
			);
			name = LaunchScreen.storyboard;
			sourceTree = "<group>";
		};
/* End PBXVariantGroup section */

/* Begin XCBuildConfiguration section */
		278B3F9B23B5B20E0014ED6A /* Debug */ = {
			isa = XCBuildConfiguration;
			buildSettings = {
				ALWAYS_SEARCH_USER_PATHS = NO;
				CLANG_ANALYZER_NONNULL = YES;
				CLANG_ANALYZER_NUMBER_OBJECT_CONVERSION = YES_AGGRESSIVE;
				CLANG_CXX_LANGUAGE_STANDARD = "gnu++14";
				CLANG_CXX_LIBRARY = "libc++";
				CLANG_ENABLE_MODULES = YES;
				CLANG_ENABLE_OBJC_ARC = YES;
				CLANG_ENABLE_OBJC_WEAK = YES;
				CLANG_WARN_BLOCK_CAPTURE_AUTORELEASING = YES;
				CLANG_WARN_BOOL_CONVERSION = YES;
				CLANG_WARN_COMMA = YES;
				CLANG_WARN_CONSTANT_CONVERSION = YES;
				CLANG_WARN_DEPRECATED_OBJC_IMPLEMENTATIONS = YES;
				CLANG_WARN_DIRECT_OBJC_ISA_USAGE = YES_ERROR;
				CLANG_WARN_DOCUMENTATION_COMMENTS = YES;
				CLANG_WARN_EMPTY_BODY = YES;
				CLANG_WARN_ENUM_CONVERSION = YES;
				CLANG_WARN_INFINITE_RECURSION = YES;
				CLANG_WARN_INT_CONVERSION = YES;
				CLANG_WARN_NON_LITERAL_NULL_CONVERSION = YES;
				CLANG_WARN_OBJC_IMPLICIT_RETAIN_SELF = YES;
				CLANG_WARN_OBJC_LITERAL_CONVERSION = YES;
				CLANG_WARN_OBJC_ROOT_CLASS = YES_ERROR;
				CLANG_WARN_RANGE_LOOP_ANALYSIS = YES;
				CLANG_WARN_STRICT_PROTOTYPES = YES;
				CLANG_WARN_SUSPICIOUS_MOVE = YES;
				CLANG_WARN_UNGUARDED_AVAILABILITY = YES_AGGRESSIVE;
				CLANG_WARN_UNREACHABLE_CODE = YES;
				CLANG_WARN__DUPLICATE_METHOD_MATCH = YES;
				COPY_PHASE_STRIP = NO;
				DEBUG_INFORMATION_FORMAT = dwarf;
				ENABLE_STRICT_OBJC_MSGSEND = YES;
				ENABLE_TESTABILITY = YES;
				GCC_C_LANGUAGE_STANDARD = gnu11;
				GCC_DYNAMIC_NO_PIC = NO;
				GCC_NO_COMMON_BLOCKS = YES;
				GCC_OPTIMIZATION_LEVEL = 0;
				GCC_PREPROCESSOR_DEFINITIONS = (
					"DEBUG=1",
					"$(inherited)",
				);
				GCC_WARN_64_TO_32_BIT_CONVERSION = YES;
				GCC_WARN_ABOUT_RETURN_TYPE = YES_ERROR;
				GCC_WARN_UNDECLARED_SELECTOR = YES;
				GCC_WARN_UNINITIALIZED_AUTOS = YES_AGGRESSIVE;
				GCC_WARN_UNUSED_FUNCTION = YES;
				GCC_WARN_UNUSED_VARIABLE = YES;
				IPHONEOS_DEPLOYMENT_TARGET = 13.2;
				MTL_ENABLE_DEBUG_INFO = INCLUDE_SOURCE;
				MTL_FAST_MATH = YES;
				ONLY_ACTIVE_ARCH = YES;
				SDKROOT = iphoneos;
				SWIFT_ACTIVE_COMPILATION_CONDITIONS = DEBUG;
				SWIFT_OPTIMIZATION_LEVEL = "-Onone";
			};
			name = Debug;
		};
		278B3F9C23B5B20E0014ED6A /* Release */ = {
			isa = XCBuildConfiguration;
			buildSettings = {
				ALWAYS_SEARCH_USER_PATHS = NO;
				CLANG_ANALYZER_NONNULL = YES;
				CLANG_ANALYZER_NUMBER_OBJECT_CONVERSION = YES_AGGRESSIVE;
				CLANG_CXX_LANGUAGE_STANDARD = "gnu++14";
				CLANG_CXX_LIBRARY = "libc++";
				CLANG_ENABLE_MODULES = YES;
				CLANG_ENABLE_OBJC_ARC = YES;
				CLANG_ENABLE_OBJC_WEAK = YES;
				CLANG_WARN_BLOCK_CAPTURE_AUTORELEASING = YES;
				CLANG_WARN_BOOL_CONVERSION = YES;
				CLANG_WARN_COMMA = YES;
				CLANG_WARN_CONSTANT_CONVERSION = YES;
				CLANG_WARN_DEPRECATED_OBJC_IMPLEMENTATIONS = YES;
				CLANG_WARN_DIRECT_OBJC_ISA_USAGE = YES_ERROR;
				CLANG_WARN_DOCUMENTATION_COMMENTS = YES;
				CLANG_WARN_EMPTY_BODY = YES;
				CLANG_WARN_ENUM_CONVERSION = YES;
				CLANG_WARN_INFINITE_RECURSION = YES;
				CLANG_WARN_INT_CONVERSION = YES;
				CLANG_WARN_NON_LITERAL_NULL_CONVERSION = YES;
				CLANG_WARN_OBJC_IMPLICIT_RETAIN_SELF = YES;
				CLANG_WARN_OBJC_LITERAL_CONVERSION = YES;
				CLANG_WARN_OBJC_ROOT_CLASS = YES_ERROR;
				CLANG_WARN_RANGE_LOOP_ANALYSIS = YES;
				CLANG_WARN_STRICT_PROTOTYPES = YES;
				CLANG_WARN_SUSPICIOUS_MOVE = YES;
				CLANG_WARN_UNGUARDED_AVAILABILITY = YES_AGGRESSIVE;
				CLANG_WARN_UNREACHABLE_CODE = YES;
				CLANG_WARN__DUPLICATE_METHOD_MATCH = YES;
				COPY_PHASE_STRIP = NO;
				DEBUG_INFORMATION_FORMAT = "dwarf-with-dsym";
				ENABLE_NS_ASSERTIONS = NO;
				ENABLE_STRICT_OBJC_MSGSEND = YES;
				GCC_C_LANGUAGE_STANDARD = gnu11;
				GCC_NO_COMMON_BLOCKS = YES;
				GCC_WARN_64_TO_32_BIT_CONVERSION = YES;
				GCC_WARN_ABOUT_RETURN_TYPE = YES_ERROR;
				GCC_WARN_UNDECLARED_SELECTOR = YES;
				GCC_WARN_UNINITIALIZED_AUTOS = YES_AGGRESSIVE;
				GCC_WARN_UNUSED_FUNCTION = YES;
				GCC_WARN_UNUSED_VARIABLE = YES;
				IPHONEOS_DEPLOYMENT_TARGET = 13.2;
				MTL_ENABLE_DEBUG_INFO = NO;
				MTL_FAST_MATH = YES;
				SDKROOT = iphoneos;
				SWIFT_COMPILATION_MODE = wholemodule;
				SWIFT_OPTIMIZATION_LEVEL = "-O";
				VALIDATE_PRODUCT = YES;
			};
			name = Release;
		};
		278B3F9E23B5B20E0014ED6A /* Debug */ = {
			isa = XCBuildConfiguration;
			buildSettings = {
				ASSETCATALOG_COMPILER_APPICON_NAME = AppIcon;
				CODE_SIGN_STYLE = Automatic;
				DEVELOPMENT_TEAM = "";
				FRAMEWORK_SEARCH_PATHS = (
					"$(inherited)",
					"$(PROJECT_DIR)",
				);
				INFOPLIST_FILE = CollectionPageboyDemo/Info.plist;
				IPHONEOS_DEPLOYMENT_TARGET = 13.0;
				LD_RUNPATH_SEARCH_PATHS = (
					"$(inherited)",
					"@executable_path/Frameworks",
				);
				PRODUCT_BUNDLE_IDENTIFIER = com.janlionly.CollectionPageboyDemo;
				PRODUCT_NAME = "$(TARGET_NAME)";
				SWIFT_VERSION = 5.0;
				TARGETED_DEVICE_FAMILY = "1,2";
			};
			name = Debug;
		};
		278B3F9F23B5B20E0014ED6A /* Release */ = {
			isa = XCBuildConfiguration;
			buildSettings = {
				ASSETCATALOG_COMPILER_APPICON_NAME = AppIcon;
				CODE_SIGN_STYLE = Automatic;
				DEVELOPMENT_TEAM = "";
				FRAMEWORK_SEARCH_PATHS = (
					"$(inherited)",
					"$(PROJECT_DIR)",
				);
				INFOPLIST_FILE = CollectionPageboyDemo/Info.plist;
				IPHONEOS_DEPLOYMENT_TARGET = 13.0;
				LD_RUNPATH_SEARCH_PATHS = (
					"$(inherited)",
					"@executable_path/Frameworks",
				);
				PRODUCT_BUNDLE_IDENTIFIER = com.janlionly.CollectionPageboyDemo;
				PRODUCT_NAME = "$(TARGET_NAME)";
				SWIFT_VERSION = 5.0;
				TARGETED_DEVICE_FAMILY = "1,2";
			};
			name = Release;
		};
/* End XCBuildConfiguration section */

/* Begin XCConfigurationList section */
		278B3F8423B5B20C0014ED6A /* Build configuration list for PBXProject "CollectionPageboyDemo" */ = {
			isa = XCConfigurationList;
			buildConfigurations = (
				278B3F9B23B5B20E0014ED6A /* Debug */,
				278B3F9C23B5B20E0014ED6A /* Release */,
			);
			defaultConfigurationIsVisible = 0;
			defaultConfigurationName = Release;
		};
		278B3F9D23B5B20E0014ED6A /* Build configuration list for PBXNativeTarget "CollectionPageboyDemo" */ = {
			isa = XCConfigurationList;
			buildConfigurations = (
				278B3F9E23B5B20E0014ED6A /* Debug */,
				278B3F9F23B5B20E0014ED6A /* Release */,
			);
			defaultConfigurationIsVisible = 0;
			defaultConfigurationName = Release;
		};
/* End XCConfigurationList section */
	};
	rootObject = 278B3F8123B5B20C0014ED6A /* Project object */;
}
